// !$*UTF8*$!
{
	archiveVersion = 1;
	classes = {
	};
	objectVersion = 46;
	objects = {

/* Begin PBXBuildFile section */
		F7116A781CEF84EE005210FA /* GROTestConfiguration.swift in Sources */ = {isa = PBXBuildFile; fileRef = F7116A771CEF84EE005210FA /* GROTestConfiguration.swift */; };
		F736B5B21D1B611F00CE858C /* DatabaseChangesOperation.swift in Sources */ = {isa = PBXBuildFile; fileRef = F736B5B11D1B611F00CE858C /* DatabaseChangesOperation.swift */; };
		F73B5E501CF4B2BC00B92E55 /* Array+NSOperation.swift in Sources */ = {isa = PBXBuildFile; fileRef = F73B5E4B1CF4B2BC00B92E55 /* Array+NSOperation.swift */; };
		F73B5E511CF4B2BC00B92E55 /* GROIncrementalStore+Helpers.swift in Sources */ = {isa = PBXBuildFile; fileRef = F73B5E4C1CF4B2BC00B92E55 /* GROIncrementalStore+Helpers.swift */; };
		F73B5E521CF4B2BC00B92E55 /* NSManagedObjectContext+Helpers.swift in Sources */ = {isa = PBXBuildFile; fileRef = F73B5E4D1CF4B2BC00B92E55 /* NSManagedObjectContext+Helpers.swift */; };
		F73B5E531CF4B2BC00B92E55 /* NSSaveChangesRequest+Records.swift in Sources */ = {isa = PBXBuildFile; fileRef = F73B5E4E1CF4B2BC00B92E55 /* NSSaveChangesRequest+Records.swift */; };
		F73B5E541CF4B2BC00B92E55 /* NSURL+Directories.swift in Sources */ = {isa = PBXBuildFile; fileRef = F73B5E4F1CF4B2BC00B92E55 /* NSURL+Directories.swift */; };
		F73B5E5C1CF4B31400B92E55 /* CloudKitTransformable.swift in Sources */ = {isa = PBXBuildFile; fileRef = F73B5E551CF4B31400B92E55 /* CloudKitTransformable.swift */; };
		F73B5E5E1CF4B31400B92E55 /* Configuration.swift in Sources */ = {isa = PBXBuildFile; fileRef = F73B5E571CF4B31400B92E55 /* Configuration.swift */; };
		F73B5E5F1CF4B31400B92E55 /* CloudDataSource.swift in Sources */ = {isa = PBXBuildFile; fileRef = F73B5E581CF4B31400B92E55 /* CloudDataSource.swift */; };
		F73B5E601CF4B31400B92E55 /* ManagedObjectIDProvider.swift in Sources */ = {isa = PBXBuildFile; fileRef = F73B5E591CF4B31400B92E55 /* ManagedObjectIDProvider.swift */; };
		F73B5E611CF4B31400B92E55 /* ManagedObjectTransformable.swift in Sources */ = {isa = PBXBuildFile; fileRef = F73B5E5A1CF4B31400B92E55 /* ManagedObjectTransformable.swift */; };
		F73B5E621CF4B31400B92E55 /* NameableEntity.swift in Sources */ = {isa = PBXBuildFile; fileRef = F73B5E5B1CF4B31400B92E55 /* NameableEntity.swift */; };
		F73B5E6C1CF4B33800B92E55 /* AsyncOperation.swift in Sources */ = {isa = PBXBuildFile; fileRef = F73B5E631CF4B33800B92E55 /* AsyncOperation.swift */; };
		F73B5E6D1CF4B33800B92E55 /* ContextOperation.swift in Sources */ = {isa = PBXBuildFile; fileRef = F73B5E641CF4B33800B92E55 /* ContextOperation.swift */; };
		F73B5E6E1CF4B33800B92E55 /* ZoneChangesOperation.swift in Sources */ = {isa = PBXBuildFile; fileRef = F73B5E651CF4B33800B92E55 /* ZoneChangesOperation.swift */; };
		F73B5E6F1CF4B33800B92E55 /* InjestDeletedRecordsOperation.swift in Sources */ = {isa = PBXBuildFile; fileRef = F73B5E661CF4B33800B92E55 /* InjestDeletedRecordsOperation.swift */; };
		F73B5E701CF4B33800B92E55 /* InjestModifiedRecordsOperation.swift in Sources */ = {isa = PBXBuildFile; fileRef = F73B5E671CF4B33800B92E55 /* InjestModifiedRecordsOperation.swift */; };
		F73B5E711CF4B33800B92E55 /* PushChangesOperation.swift in Sources */ = {isa = PBXBuildFile; fileRef = F73B5E681CF4B33800B92E55 /* PushChangesOperation.swift */; };
		F73B5E721CF4B33800B92E55 /* RecordChangeOperation.swift in Sources */ = {isa = PBXBuildFile; fileRef = F73B5E691CF4B33800B92E55 /* RecordChangeOperation.swift */; };
		F73B5E731CF4B33800B92E55 /* VerifyRecordZoneOperation.swift in Sources */ = {isa = PBXBuildFile; fileRef = F73B5E6A1CF4B33800B92E55 /* VerifyRecordZoneOperation.swift */; };
		F73B5E741CF4B33800B92E55 /* VerifySubscriptionOperation.swift in Sources */ = {isa = PBXBuildFile; fileRef = F73B5E6B1CF4B33800B92E55 /* VerifySubscriptionOperation.swift */; };
		F78D92E11C934AAD009EA958 /* GROCloudStore.h in Headers */ = {isa = PBXBuildFile; fileRef = F78D92E01C934AAD009EA958 /* GROCloudStore.h */; settings = {ATTRIBUTES = (Public, ); }; };
		F78D92E81C934AAD009EA958 /* GROCloudStore.framework in Frameworks */ = {isa = PBXBuildFile; fileRef = F78D92DD1C934AAD009EA958 /* GROCloudStore.framework */; };
		F78D92ED1C934AAD009EA958 /* GROCloudStoreTests.swift in Sources */ = {isa = PBXBuildFile; fileRef = F78D92EC1C934AAD009EA958 /* GROCloudStoreTests.swift */; };
		F78D93181C934B09009EA958 /* GROIncrementalStore.swift in Sources */ = {isa = PBXBuildFile; fileRef = F78D93001C934B09009EA958 /* GROIncrementalStore.swift */; };
		F78D931A1C934B09009EA958 /* GROSavedData.swift in Sources */ = {isa = PBXBuildFile; fileRef = F78D93021C934B09009EA958 /* GROSavedData.swift */; };
		F79736901D13636D000F68F2 /* GROIncrementalStore+Private.swift in Sources */ = {isa = PBXBuildFile; fileRef = F797368F1D13636D000F68F2 /* GROIncrementalStore+Private.swift */; };
		F79736921D137509000F68F2 /* GROIncrementalStore+ManagedObjectIDProvider.swift in Sources */ = {isa = PBXBuildFile; fileRef = F79736911D137509000F68F2 /* GROIncrementalStore+ManagedObjectIDProvider.swift */; };
		F79736941D13758E000F68F2 /* GROIncrementalStore+Notifications.swift in Sources */ = {isa = PBXBuildFile; fileRef = F79736931D13758E000F68F2 /* GROIncrementalStore+Notifications.swift */; };
		F7AFF19E1D1B8E4500E70EAE /* GROChangeToken.swift in Sources */ = {isa = PBXBuildFile; fileRef = F7AFF19D1D1B8E4500E70EAE /* GROChangeToken.swift */; };
		F7BE38731C98810A00D1CE87 /* GROTestDataSource.swift in Sources */ = {isa = PBXBuildFile; fileRef = F7BE38721C98810A00D1CE87 /* GROTestDataSource.swift */; };
		F7BE38761C9881D200D1CE87 /* GRODefaultDataSource.swift in Sources */ = {isa = PBXBuildFile; fileRef = F7BE38751C9881D200D1CE87 /* GRODefaultDataSource.swift */; };
		F7C108EF1DA81963001CABB3 /* NSManagedObject+Helpers.swift in Sources */ = {isa = PBXBuildFile; fileRef = F7C108EE1DA81963001CABB3 /* NSManagedObject+Helpers.swift */; };
		F7D099A21C98AF210023C220 /* CoreData+Extensions.swift in Sources */ = {isa = PBXBuildFile; fileRef = F7D099A11C98AF210023C220 /* CoreData+Extensions.swift */; };
		F7D970F71D133EDF009133B2 /* AccountStatusOperation.swift in Sources */ = {isa = PBXBuildFile; fileRef = F7D970F61D133EDF009133B2 /* AccountStatusOperation.swift */; };
		F7D970F91D134445009133B2 /* CKAccountStatus+Available.swift in Sources */ = {isa = PBXBuildFile; fileRef = F7D970F81D134445009133B2 /* CKAccountStatus+Available.swift */; };
/* End PBXBuildFile section */

/* Begin PBXContainerItemProxy section */
		F78D92E91C934AAD009EA958 /* PBXContainerItemProxy */ = {
			isa = PBXContainerItemProxy;
			containerPortal = F78D92D41C934AAC009EA958 /* Project object */;
			proxyType = 1;
			remoteGlobalIDString = F78D92DC1C934AAD009EA958;
			remoteInfo = GROCloudStore;
		};
/* End PBXContainerItemProxy section */

/* Begin PBXFileReference section */
		F7116A771CEF84EE005210FA /* GROTestConfiguration.swift */ = {isa = PBXFileReference; fileEncoding = 4; lastKnownFileType = sourcecode.swift; path = GROTestConfiguration.swift; sourceTree = "<group>"; };
		F736B5B11D1B611F00CE858C /* DatabaseChangesOperation.swift */ = {isa = PBXFileReference; fileEncoding = 4; lastKnownFileType = sourcecode.swift; name = DatabaseChangesOperation.swift; path = Operations/DatabaseChangesOperation.swift; sourceTree = "<group>"; };
		F73B5E4B1CF4B2BC00B92E55 /* Array+NSOperation.swift */ = {isa = PBXFileReference; fileEncoding = 4; lastKnownFileType = sourcecode.swift; name = "Array+NSOperation.swift"; path = "Extensions/Array+NSOperation.swift"; sourceTree = "<group>"; };
		F73B5E4C1CF4B2BC00B92E55 /* GROIncrementalStore+Helpers.swift */ = {isa = PBXFileReference; fileEncoding = 4; lastKnownFileType = sourcecode.swift; name = "GROIncrementalStore+Helpers.swift"; path = "Extensions/GROIncrementalStore+Helpers.swift"; sourceTree = "<group>"; };
		F73B5E4D1CF4B2BC00B92E55 /* NSManagedObjectContext+Helpers.swift */ = {isa = PBXFileReference; fileEncoding = 4; lastKnownFileType = sourcecode.swift; name = "NSManagedObjectContext+Helpers.swift"; path = "Extensions/NSManagedObjectContext+Helpers.swift"; sourceTree = "<group>"; };
		F73B5E4E1CF4B2BC00B92E55 /* NSSaveChangesRequest+Records.swift */ = {isa = PBXFileReference; fileEncoding = 4; lastKnownFileType = sourcecode.swift; name = "NSSaveChangesRequest+Records.swift"; path = "Extensions/NSSaveChangesRequest+Records.swift"; sourceTree = "<group>"; };
		F73B5E4F1CF4B2BC00B92E55 /* NSURL+Directories.swift */ = {isa = PBXFileReference; fileEncoding = 4; lastKnownFileType = sourcecode.swift; name = "NSURL+Directories.swift"; path = "Extensions/NSURL+Directories.swift"; sourceTree = "<group>"; };
		F73B5E551CF4B31400B92E55 /* CloudKitTransformable.swift */ = {isa = PBXFileReference; fileEncoding = 4; lastKnownFileType = sourcecode.swift; name = CloudKitTransformable.swift; path = Protocols/CloudKitTransformable.swift; sourceTree = "<group>"; };
		F73B5E571CF4B31400B92E55 /* Configuration.swift */ = {isa = PBXFileReference; fileEncoding = 4; lastKnownFileType = sourcecode.swift; name = Configuration.swift; path = Protocols/Configuration.swift; sourceTree = "<group>"; };
		F73B5E581CF4B31400B92E55 /* CloudDataSource.swift */ = {isa = PBXFileReference; fileEncoding = 4; lastKnownFileType = sourcecode.swift; name = CloudDataSource.swift; path = Protocols/CloudDataSource.swift; sourceTree = "<group>"; };
		F73B5E591CF4B31400B92E55 /* ManagedObjectIDProvider.swift */ = {isa = PBXFileReference; fileEncoding = 4; lastKnownFileType = sourcecode.swift; name = ManagedObjectIDProvider.swift; path = Protocols/ManagedObjectIDProvider.swift; sourceTree = "<group>"; };
		F73B5E5A1CF4B31400B92E55 /* ManagedObjectTransformable.swift */ = {isa = PBXFileReference; fileEncoding = 4; lastKnownFileType = sourcecode.swift; name = ManagedObjectTransformable.swift; path = Protocols/ManagedObjectTransformable.swift; sourceTree = "<group>"; };
		F73B5E5B1CF4B31400B92E55 /* NameableEntity.swift */ = {isa = PBXFileReference; fileEncoding = 4; lastKnownFileType = sourcecode.swift; name = NameableEntity.swift; path = Protocols/NameableEntity.swift; sourceTree = "<group>"; };
		F73B5E631CF4B33800B92E55 /* AsyncOperation.swift */ = {isa = PBXFileReference; fileEncoding = 4; lastKnownFileType = sourcecode.swift; name = AsyncOperation.swift; path = Operations/AsyncOperation.swift; sourceTree = "<group>"; };
		F73B5E641CF4B33800B92E55 /* ContextOperation.swift */ = {isa = PBXFileReference; fileEncoding = 4; lastKnownFileType = sourcecode.swift; name = ContextOperation.swift; path = Operations/ContextOperation.swift; sourceTree = "<group>"; };
		F73B5E651CF4B33800B92E55 /* ZoneChangesOperation.swift */ = {isa = PBXFileReference; fileEncoding = 4; lastKnownFileType = sourcecode.swift; name = ZoneChangesOperation.swift; path = Operations/ZoneChangesOperation.swift; sourceTree = "<group>"; };
		F73B5E661CF4B33800B92E55 /* InjestDeletedRecordsOperation.swift */ = {isa = PBXFileReference; fileEncoding = 4; lastKnownFileType = sourcecode.swift; name = InjestDeletedRecordsOperation.swift; path = Operations/InjestDeletedRecordsOperation.swift; sourceTree = "<group>"; };
		F73B5E671CF4B33800B92E55 /* InjestModifiedRecordsOperation.swift */ = {isa = PBXFileReference; fileEncoding = 4; lastKnownFileType = sourcecode.swift; name = InjestModifiedRecordsOperation.swift; path = Operations/InjestModifiedRecordsOperation.swift; sourceTree = "<group>"; };
		F73B5E681CF4B33800B92E55 /* PushChangesOperation.swift */ = {isa = PBXFileReference; fileEncoding = 4; lastKnownFileType = sourcecode.swift; name = PushChangesOperation.swift; path = Operations/PushChangesOperation.swift; sourceTree = "<group>"; };
		F73B5E691CF4B33800B92E55 /* RecordChangeOperation.swift */ = {isa = PBXFileReference; fileEncoding = 4; lastKnownFileType = sourcecode.swift; name = RecordChangeOperation.swift; path = Operations/RecordChangeOperation.swift; sourceTree = "<group>"; };
		F73B5E6A1CF4B33800B92E55 /* VerifyRecordZoneOperation.swift */ = {isa = PBXFileReference; fileEncoding = 4; lastKnownFileType = sourcecode.swift; name = VerifyRecordZoneOperation.swift; path = Operations/VerifyRecordZoneOperation.swift; sourceTree = "<group>"; };
		F73B5E6B1CF4B33800B92E55 /* VerifySubscriptionOperation.swift */ = {isa = PBXFileReference; fileEncoding = 4; lastKnownFileType = sourcecode.swift; name = VerifySubscriptionOperation.swift; path = Operations/VerifySubscriptionOperation.swift; sourceTree = "<group>"; };
		F78D92DD1C934AAD009EA958 /* GROCloudStore.framework */ = {isa = PBXFileReference; explicitFileType = wrapper.framework; includeInIndex = 0; path = GROCloudStore.framework; sourceTree = BUILT_PRODUCTS_DIR; };
		F78D92E01C934AAD009EA958 /* GROCloudStore.h */ = {isa = PBXFileReference; lastKnownFileType = sourcecode.c.h; path = GROCloudStore.h; sourceTree = "<group>"; };
		F78D92E21C934AAD009EA958 /* Info.plist */ = {isa = PBXFileReference; lastKnownFileType = text.plist.xml; path = Info.plist; sourceTree = "<group>"; };
		F78D92E71C934AAD009EA958 /* GROCloudStoreTests.xctest */ = {isa = PBXFileReference; explicitFileType = wrapper.cfbundle; includeInIndex = 0; path = GROCloudStoreTests.xctest; sourceTree = BUILT_PRODUCTS_DIR; };
		F78D92EC1C934AAD009EA958 /* GROCloudStoreTests.swift */ = {isa = PBXFileReference; lastKnownFileType = sourcecode.swift; path = GROCloudStoreTests.swift; sourceTree = "<group>"; };
		F78D92EE1C934AAD009EA958 /* Info.plist */ = {isa = PBXFileReference; lastKnownFileType = text.plist.xml; path = Info.plist; sourceTree = "<group>"; };
		F78D93001C934B09009EA958 /* GROIncrementalStore.swift */ = {isa = PBXFileReference; fileEncoding = 4; lastKnownFileType = sourcecode.swift; path = GROIncrementalStore.swift; sourceTree = "<group>"; };
		F78D93021C934B09009EA958 /* GROSavedData.swift */ = {isa = PBXFileReference; fileEncoding = 4; lastKnownFileType = sourcecode.swift; path = GROSavedData.swift; sourceTree = "<group>"; };
		F797368F1D13636D000F68F2 /* GROIncrementalStore+Private.swift */ = {isa = PBXFileReference; fileEncoding = 4; lastKnownFileType = sourcecode.swift; path = "GROIncrementalStore+Private.swift"; sourceTree = "<group>"; };
		F79736911D137509000F68F2 /* GROIncrementalStore+ManagedObjectIDProvider.swift */ = {isa = PBXFileReference; fileEncoding = 4; lastKnownFileType = sourcecode.swift; path = "GROIncrementalStore+ManagedObjectIDProvider.swift"; sourceTree = "<group>"; };
		F79736931D13758E000F68F2 /* GROIncrementalStore+Notifications.swift */ = {isa = PBXFileReference; fileEncoding = 4; lastKnownFileType = sourcecode.swift; path = "GROIncrementalStore+Notifications.swift"; sourceTree = "<group>"; };
		F7AFF19D1D1B8E4500E70EAE /* GROChangeToken.swift */ = {isa = PBXFileReference; fileEncoding = 4; lastKnownFileType = sourcecode.swift; path = GROChangeToken.swift; sourceTree = "<group>"; };
		F7BE38721C98810A00D1CE87 /* GROTestDataSource.swift */ = {isa = PBXFileReference; fileEncoding = 4; lastKnownFileType = sourcecode.swift; path = GROTestDataSource.swift; sourceTree = "<group>"; };
		F7BE38751C9881D200D1CE87 /* GRODefaultDataSource.swift */ = {isa = PBXFileReference; fileEncoding = 4; lastKnownFileType = sourcecode.swift; path = GRODefaultDataSource.swift; sourceTree = "<group>"; };
		F7C108EE1DA81963001CABB3 /* NSManagedObject+Helpers.swift */ = {isa = PBXFileReference; fileEncoding = 4; lastKnownFileType = sourcecode.swift; name = "NSManagedObject+Helpers.swift"; path = "Extensions/NSManagedObject+Helpers.swift"; sourceTree = "<group>"; };
		F7D099A11C98AF210023C220 /* CoreData+Extensions.swift */ = {isa = PBXFileReference; fileEncoding = 4; lastKnownFileType = sourcecode.swift; path = "CoreData+Extensions.swift"; sourceTree = "<group>"; };
		F7D970F61D133EDF009133B2 /* AccountStatusOperation.swift */ = {isa = PBXFileReference; fileEncoding = 4; lastKnownFileType = sourcecode.swift; name = AccountStatusOperation.swift; path = Operations/AccountStatusOperation.swift; sourceTree = "<group>"; };
		F7D970F81D134445009133B2 /* CKAccountStatus+Available.swift */ = {isa = PBXFileReference; fileEncoding = 4; lastKnownFileType = sourcecode.swift; name = "CKAccountStatus+Available.swift"; path = "Extensions/CKAccountStatus+Available.swift"; sourceTree = "<group>"; };
/* End PBXFileReference section */

/* Begin PBXFrameworksBuildPhase section */
		F78D92D91C934AAD009EA958 /* Frameworks */ = {
			isa = PBXFrameworksBuildPhase;
			buildActionMask = 2147483647;
			files = (
			);
			runOnlyForDeploymentPostprocessing = 0;
		};
		F78D92E41C934AAD009EA958 /* Frameworks */ = {
			isa = PBXFrameworksBuildPhase;
			buildActionMask = 2147483647;
			files = (
				F78D92E81C934AAD009EA958 /* GROCloudStore.framework in Frameworks */,
			);
			runOnlyForDeploymentPostprocessing = 0;
		};
/* End PBXFrameworksBuildPhase section */

/* Begin PBXGroup section */
		F7116A761CEF82CB005210FA /* Extensions */ = {
			isa = PBXGroup;
			children = (
				F73B5E4B1CF4B2BC00B92E55 /* Array+NSOperation.swift */,
				F73B5E4D1CF4B2BC00B92E55 /* NSManagedObjectContext+Helpers.swift */,
				F73B5E4E1CF4B2BC00B92E55 /* NSSaveChangesRequest+Records.swift */,
				F73B5E4F1CF4B2BC00B92E55 /* NSURL+Directories.swift */,
				F7D970F81D134445009133B2 /* CKAccountStatus+Available.swift */,
				F7C108EE1DA81963001CABB3 /* NSManagedObject+Helpers.swift */,
			);
			name = Extensions;
			sourceTree = "<group>";
		};
		F78D92D31C934AAC009EA958 = {
			isa = PBXGroup;
			children = (
				F78D92DF1C934AAD009EA958 /* GROCloudStore */,
				F78D92EB1C934AAD009EA958 /* GROCloudStoreTests */,
				F78D92DE1C934AAD009EA958 /* Products */,
			);
			sourceTree = "<group>";
		};
		F78D92DE1C934AAD009EA958 /* Products */ = {
			isa = PBXGroup;
			children = (
				F78D92DD1C934AAD009EA958 /* GROCloudStore.framework */,
				F78D92E71C934AAD009EA958 /* GROCloudStoreTests.xctest */,
			);
			name = Products;
			sourceTree = "<group>";
		};
		F78D92DF1C934AAD009EA958 /* GROCloudStore */ = {
			isa = PBXGroup;
			children = (
				F78D93001C934B09009EA958 /* GROIncrementalStore.swift */,
				F79736911D137509000F68F2 /* GROIncrementalStore+ManagedObjectIDProvider.swift */,
				F79736931D13758E000F68F2 /* GROIncrementalStore+Notifications.swift */,
				F797368F1D13636D000F68F2 /* GROIncrementalStore+Private.swift */,
				F73B5E4C1CF4B2BC00B92E55 /* GROIncrementalStore+Helpers.swift */,
				F7BE38751C9881D200D1CE87 /* GRODefaultDataSource.swift */,
				F78D93021C934B09009EA958 /* GROSavedData.swift */,
				F7AFF19D1D1B8E4500E70EAE /* GROChangeToken.swift */,
				F78D93281C934BA8009EA958 /* Operations */,
				F78D93271C934B8A009EA958 /* Protocols */,
				F7116A761CEF82CB005210FA /* Extensions */,
				F78D92E01C934AAD009EA958 /* GROCloudStore.h */,
				F78D92E21C934AAD009EA958 /* Info.plist */,
			);
			path = GROCloudStore;
			sourceTree = "<group>";
		};
		F78D92EB1C934AAD009EA958 /* GROCloudStoreTests */ = {
			isa = PBXGroup;
			children = (
				F78D92EC1C934AAD009EA958 /* GROCloudStoreTests.swift */,
				F7BE38721C98810A00D1CE87 /* GROTestDataSource.swift */,
				F7D099A11C98AF210023C220 /* CoreData+Extensions.swift */,
				F7116A771CEF84EE005210FA /* GROTestConfiguration.swift */,
				F78D92EE1C934AAD009EA958 /* Info.plist */,
			);
			path = GROCloudStoreTests;
			sourceTree = "<group>";
		};
		F78D93271C934B8A009EA958 /* Protocols */ = {
			isa = PBXGroup;
			children = (
				F73B5E551CF4B31400B92E55 /* CloudKitTransformable.swift */,
				F73B5E571CF4B31400B92E55 /* Configuration.swift */,
				F73B5E581CF4B31400B92E55 /* CloudDataSource.swift */,
				F73B5E591CF4B31400B92E55 /* ManagedObjectIDProvider.swift */,
				F73B5E5A1CF4B31400B92E55 /* ManagedObjectTransformable.swift */,
				F73B5E5B1CF4B31400B92E55 /* NameableEntity.swift */,
			);
			name = Protocols;
			sourceTree = "<group>";
		};
		F78D93281C934BA8009EA958 /* Operations */ = {
			isa = PBXGroup;
			children = (
				F73B5E631CF4B33800B92E55 /* AsyncOperation.swift */,
				F73B5E641CF4B33800B92E55 /* ContextOperation.swift */,
				F73B5E651CF4B33800B92E55 /* ZoneChangesOperation.swift */,
				F73B5E661CF4B33800B92E55 /* InjestDeletedRecordsOperation.swift */,
				F73B5E671CF4B33800B92E55 /* InjestModifiedRecordsOperation.swift */,
				F73B5E681CF4B33800B92E55 /* PushChangesOperation.swift */,
				F73B5E691CF4B33800B92E55 /* RecordChangeOperation.swift */,
				F73B5E6A1CF4B33800B92E55 /* VerifyRecordZoneOperation.swift */,
				F73B5E6B1CF4B33800B92E55 /* VerifySubscriptionOperation.swift */,
				F7D970F61D133EDF009133B2 /* AccountStatusOperation.swift */,
				F736B5B11D1B611F00CE858C /* DatabaseChangesOperation.swift */,
			);
			name = Operations;
			sourceTree = "<group>";
		};
/* End PBXGroup section */

/* Begin PBXHeadersBuildPhase section */
		F78D92DA1C934AAD009EA958 /* Headers */ = {
			isa = PBXHeadersBuildPhase;
			buildActionMask = 2147483647;
			files = (
				F78D92E11C934AAD009EA958 /* GROCloudStore.h in Headers */,
			);
			runOnlyForDeploymentPostprocessing = 0;
		};
/* End PBXHeadersBuildPhase section */

/* Begin PBXNativeTarget section */
		F78D92DC1C934AAD009EA958 /* GROCloudStore */ = {
			isa = PBXNativeTarget;
			buildConfigurationList = F78D92F11C934AAD009EA958 /* Build configuration list for PBXNativeTarget "GROCloudStore" */;
			buildPhases = (
				F78D92D81C934AAD009EA958 /* Sources */,
				F78D92D91C934AAD009EA958 /* Frameworks */,
				F78D92DA1C934AAD009EA958 /* Headers */,
				F78D92DB1C934AAD009EA958 /* Resources */,
			);
			buildRules = (
			);
			dependencies = (
			);
			name = GROCloudStore;
			productName = GROCloudStore;
			productReference = F78D92DD1C934AAD009EA958 /* GROCloudStore.framework */;
			productType = "com.apple.product-type.framework";
		};
		F78D92E61C934AAD009EA958 /* GROCloudStoreTests */ = {
			isa = PBXNativeTarget;
			buildConfigurationList = F78D92F41C934AAD009EA958 /* Build configuration list for PBXNativeTarget "GROCloudStoreTests" */;
			buildPhases = (
				F78D92E31C934AAD009EA958 /* Sources */,
				F78D92E41C934AAD009EA958 /* Frameworks */,
				F78D92E51C934AAD009EA958 /* Resources */,
			);
			buildRules = (
			);
			dependencies = (
				F78D92EA1C934AAD009EA958 /* PBXTargetDependency */,
			);
			name = GROCloudStoreTests;
			productName = GROCloudStoreTests;
			productReference = F78D92E71C934AAD009EA958 /* GROCloudStoreTests.xctest */;
			productType = "com.apple.product-type.bundle.unit-test";
		};
/* End PBXNativeTarget section */

/* Begin PBXProject section */
		F78D92D41C934AAC009EA958 /* Project object */ = {
			isa = PBXProject;
			attributes = {
				LastSwiftUpdateCheck = 0730;
				LastUpgradeCheck = 0900;
				ORGANIZATIONNAME = "Andrew Shepard";
				TargetAttributes = {
					F78D92DC1C934AAD009EA958 = {
						CreatedOnToolsVersion = 7.3;
						DevelopmentTeamName = "Andrew Shepard";
						LastSwiftMigration = 0900;
						ProvisioningStyle = Manual;
					};
					F78D92E61C934AAD009EA958 = {
						CreatedOnToolsVersion = 7.3;
						LastSwiftMigration = 0800;
					};
				};
			};
			buildConfigurationList = F78D92D71C934AAC009EA958 /* Build configuration list for PBXProject "GROCloudStore" */;
			compatibilityVersion = "Xcode 3.2";
			developmentRegion = English;
			hasScannedForEncodings = 0;
			knownRegions = (
				en,
				Base,
			);
			mainGroup = F78D92D31C934AAC009EA958;
			productRefGroup = F78D92DE1C934AAD009EA958 /* Products */;
			projectDirPath = "";
			projectRoot = "";
			targets = (
				F78D92DC1C934AAD009EA958 /* GROCloudStore */,
				F78D92E61C934AAD009EA958 /* GROCloudStoreTests */,
			);
		};
/* End PBXProject section */

/* Begin PBXResourcesBuildPhase section */
		F78D92DB1C934AAD009EA958 /* Resources */ = {
			isa = PBXResourcesBuildPhase;
			buildActionMask = 2147483647;
			files = (
			);
			runOnlyForDeploymentPostprocessing = 0;
		};
		F78D92E51C934AAD009EA958 /* Resources */ = {
			isa = PBXResourcesBuildPhase;
			buildActionMask = 2147483647;
			files = (
			);
			runOnlyForDeploymentPostprocessing = 0;
		};
/* End PBXResourcesBuildPhase section */

/* Begin PBXSourcesBuildPhase section */
		F78D92D81C934AAD009EA958 /* Sources */ = {
			isa = PBXSourcesBuildPhase;
			buildActionMask = 2147483647;
			files = (
				F7AFF19E1D1B8E4500E70EAE /* GROChangeToken.swift in Sources */,
				F73B5E611CF4B31400B92E55 /* ManagedObjectTransformable.swift in Sources */,
				F79736901D13636D000F68F2 /* GROIncrementalStore+Private.swift in Sources */,
				F73B5E5F1CF4B31400B92E55 /* CloudDataSource.swift in Sources */,
				F73B5E541CF4B2BC00B92E55 /* NSURL+Directories.swift in Sources */,
				F73B5E511CF4B2BC00B92E55 /* GROIncrementalStore+Helpers.swift in Sources */,
				F78D93181C934B09009EA958 /* GROIncrementalStore.swift in Sources */,
				F73B5E6D1CF4B33800B92E55 /* ContextOperation.swift in Sources */,
				F73B5E5E1CF4B31400B92E55 /* Configuration.swift in Sources */,
				F7D970F91D134445009133B2 /* CKAccountStatus+Available.swift in Sources */,
				F73B5E621CF4B31400B92E55 /* NameableEntity.swift in Sources */,
				F73B5E701CF4B33800B92E55 /* InjestModifiedRecordsOperation.swift in Sources */,
				F73B5E6E1CF4B33800B92E55 /* ZoneChangesOperation.swift in Sources */,
				F73B5E6F1CF4B33800B92E55 /* InjestDeletedRecordsOperation.swift in Sources */,
				F73B5E5C1CF4B31400B92E55 /* CloudKitTransformable.swift in Sources */,
				F736B5B21D1B611F00CE858C /* DatabaseChangesOperation.swift in Sources */,
				F73B5E501CF4B2BC00B92E55 /* Array+NSOperation.swift in Sources */,
				F73B5E731CF4B33800B92E55 /* VerifyRecordZoneOperation.swift in Sources */,
				F73B5E601CF4B31400B92E55 /* ManagedObjectIDProvider.swift in Sources */,
				F7C108EF1DA81963001CABB3 /* NSManagedObject+Helpers.swift in Sources */,
				F7D970F71D133EDF009133B2 /* AccountStatusOperation.swift in Sources */,
				F73B5E711CF4B33800B92E55 /* PushChangesOperation.swift in Sources */,
				F73B5E521CF4B2BC00B92E55 /* NSManagedObjectContext+Helpers.swift in Sources */,
				F73B5E531CF4B2BC00B92E55 /* NSSaveChangesRequest+Records.swift in Sources */,
				F78D931A1C934B09009EA958 /* GROSavedData.swift in Sources */,
				F73B5E6C1CF4B33800B92E55 /* AsyncOperation.swift in Sources */,
				F73B5E741CF4B33800B92E55 /* VerifySubscriptionOperation.swift in Sources */,
				F79736941D13758E000F68F2 /* GROIncrementalStore+Notifications.swift in Sources */,
				F73B5E721CF4B33800B92E55 /* RecordChangeOperation.swift in Sources */,
				F79736921D137509000F68F2 /* GROIncrementalStore+ManagedObjectIDProvider.swift in Sources */,
				F7BE38761C9881D200D1CE87 /* GRODefaultDataSource.swift in Sources */,
			);
			runOnlyForDeploymentPostprocessing = 0;
		};
		F78D92E31C934AAD009EA958 /* Sources */ = {
			isa = PBXSourcesBuildPhase;
			buildActionMask = 2147483647;
			files = (
				F78D92ED1C934AAD009EA958 /* GROCloudStoreTests.swift in Sources */,
				F7BE38731C98810A00D1CE87 /* GROTestDataSource.swift in Sources */,
				F7116A781CEF84EE005210FA /* GROTestConfiguration.swift in Sources */,
				F7D099A21C98AF210023C220 /* CoreData+Extensions.swift in Sources */,
			);
			runOnlyForDeploymentPostprocessing = 0;
		};
/* End PBXSourcesBuildPhase section */

/* Begin PBXTargetDependency section */
		F78D92EA1C934AAD009EA958 /* PBXTargetDependency */ = {
			isa = PBXTargetDependency;
			target = F78D92DC1C934AAD009EA958 /* GROCloudStore */;
			targetProxy = F78D92E91C934AAD009EA958 /* PBXContainerItemProxy */;
		};
/* End PBXTargetDependency section */

/* Begin XCBuildConfiguration section */
		F78D92EF1C934AAD009EA958 /* Debug */ = {
			isa = XCBuildConfiguration;
			buildSettings = {
				ALWAYS_SEARCH_USER_PATHS = NO;
				CLANG_ANALYZER_NONNULL = YES;
				CLANG_CXX_LANGUAGE_STANDARD = "gnu++0x";
				CLANG_CXX_LIBRARY = "libc++";
				CLANG_ENABLE_MODULES = YES;
				CLANG_ENABLE_OBJC_ARC = YES;
				CLANG_WARN_BLOCK_CAPTURE_AUTORELEASING = YES;
				CLANG_WARN_BOOL_CONVERSION = YES;
				CLANG_WARN_COMMA = YES;
				CLANG_WARN_CONSTANT_CONVERSION = YES;
				CLANG_WARN_DIRECT_OBJC_ISA_USAGE = YES_ERROR;
				CLANG_WARN_EMPTY_BODY = YES;
				CLANG_WARN_ENUM_CONVERSION = YES;
				CLANG_WARN_INFINITE_RECURSION = YES;
				CLANG_WARN_INT_CONVERSION = YES;
				CLANG_WARN_NON_LITERAL_NULL_CONVERSION = YES;
				CLANG_WARN_OBJC_LITERAL_CONVERSION = YES;
				CLANG_WARN_OBJC_ROOT_CLASS = YES_ERROR;
				CLANG_WARN_RANGE_LOOP_ANALYSIS = YES;
				CLANG_WARN_STRICT_PROTOTYPES = YES;
				CLANG_WARN_SUSPICIOUS_MOVE = YES;
				CLANG_WARN_UNREACHABLE_CODE = YES;
				CLANG_WARN__DUPLICATE_METHOD_MATCH = YES;
				CODE_SIGN_IDENTITY = "-";
				COPY_PHASE_STRIP = NO;
				CURRENT_PROJECT_VERSION = 1;
				DEBUG_INFORMATION_FORMAT = dwarf;
				ENABLE_STRICT_OBJC_MSGSEND = YES;
				ENABLE_TESTABILITY = YES;
				GCC_C_LANGUAGE_STANDARD = gnu99;
				GCC_DYNAMIC_NO_PIC = NO;
				GCC_NO_COMMON_BLOCKS = YES;
				GCC_OPTIMIZATION_LEVEL = 0;
				GCC_PREPROCESSOR_DEFINITIONS = (
					"DEBUG=1",
					"$(inherited)",
				);
				GCC_WARN_64_TO_32_BIT_CONVERSION = YES;
				GCC_WARN_ABOUT_RETURN_TYPE = YES_ERROR;
				GCC_WARN_UNDECLARED_SELECTOR = YES;
				GCC_WARN_UNINITIALIZED_AUTOS = YES_AGGRESSIVE;
				GCC_WARN_UNUSED_FUNCTION = YES;
				GCC_WARN_UNUSED_VARIABLE = YES;
				IPHONEOS_DEPLOYMENT_TARGET = 10.0;
				MACOSX_DEPLOYMENT_TARGET = 10.12;
				MTL_ENABLE_DEBUG_INFO = YES;
				ONLY_ACTIVE_ARCH = YES;
				SDKROOT = macosx;
				SUPPORTED_PLATFORMS = "iphonesimulator iphoneos";
				SWIFT_OPTIMIZATION_LEVEL = "-Onone";
				SWIFT_VERSION = 4.0;
				VALID_ARCHS = "i386 x86_64 arm7s arm7 arm64";
				VERSIONING_SYSTEM = "apple-generic";
				VERSION_INFO_PREFIX = "";
			};
			name = Debug;
		};
		F78D92F01C934AAD009EA958 /* Release */ = {
			isa = XCBuildConfiguration;
			buildSettings = {
				ALWAYS_SEARCH_USER_PATHS = NO;
				CLANG_ANALYZER_NONNULL = YES;
				CLANG_CXX_LANGUAGE_STANDARD = "gnu++0x";
				CLANG_CXX_LIBRARY = "libc++";
				CLANG_ENABLE_MODULES = YES;
				CLANG_ENABLE_OBJC_ARC = YES;
				CLANG_WARN_BLOCK_CAPTURE_AUTORELEASING = YES;
				CLANG_WARN_BOOL_CONVERSION = YES;
				CLANG_WARN_COMMA = YES;
				CLANG_WARN_CONSTANT_CONVERSION = YES;
				CLANG_WARN_DIRECT_OBJC_ISA_USAGE = YES_ERROR;
				CLANG_WARN_EMPTY_BODY = YES;
				CLANG_WARN_ENUM_CONVERSION = YES;
				CLANG_WARN_INFINITE_RECURSION = YES;
				CLANG_WARN_INT_CONVERSION = YES;
				CLANG_WARN_NON_LITERAL_NULL_CONVERSION = YES;
				CLANG_WARN_OBJC_LITERAL_CONVERSION = YES;
				CLANG_WARN_OBJC_ROOT_CLASS = YES_ERROR;
				CLANG_WARN_RANGE_LOOP_ANALYSIS = YES;
				CLANG_WARN_STRICT_PROTOTYPES = YES;
				CLANG_WARN_SUSPICIOUS_MOVE = YES;
				CLANG_WARN_UNREACHABLE_CODE = YES;
				CLANG_WARN__DUPLICATE_METHOD_MATCH = YES;
				CODE_SIGN_IDENTITY = "-";
				COPY_PHASE_STRIP = NO;
				CURRENT_PROJECT_VERSION = 1;
				DEBUG_INFORMATION_FORMAT = "dwarf-with-dsym";
				ENABLE_NS_ASSERTIONS = NO;
				ENABLE_STRICT_OBJC_MSGSEND = YES;
				GCC_C_LANGUAGE_STANDARD = gnu99;
				GCC_NO_COMMON_BLOCKS = YES;
				GCC_WARN_64_TO_32_BIT_CONVERSION = YES;
				GCC_WARN_ABOUT_RETURN_TYPE = YES_ERROR;
				GCC_WARN_UNDECLARED_SELECTOR = YES;
				GCC_WARN_UNINITIALIZED_AUTOS = YES_AGGRESSIVE;
				GCC_WARN_UNUSED_FUNCTION = YES;
				GCC_WARN_UNUSED_VARIABLE = YES;
				IPHONEOS_DEPLOYMENT_TARGET = 10.0;
				MACOSX_DEPLOYMENT_TARGET = 10.12;
				MTL_ENABLE_DEBUG_INFO = NO;
				SDKROOT = macosx;
				SUPPORTED_PLATFORMS = "iphonesimulator iphoneos";
				SWIFT_VERSION = 4.0;
				VALID_ARCHS = "i386 x86_64 arm7s arm7 arm64";
				VERSIONING_SYSTEM = "apple-generic";
				VERSION_INFO_PREFIX = "";
			};
			name = Release;
		};
		F78D92F21C934AAD009EA958 /* Debug */ = {
			isa = XCBuildConfiguration;
			buildSettings = {
				CLANG_ENABLE_MODULES = YES;
				CODE_SIGN_IDENTITY = "";
				COMBINE_HIDPI_IMAGES = YES;
				DEFINES_MODULE = YES;
				DEVELOPMENT_TEAM = "";
				DYLIB_COMPATIBILITY_VERSION = 1;
				DYLIB_CURRENT_VERSION = 1;
				DYLIB_INSTALL_NAME_BASE = "@rpath";
				FRAMEWORK_VERSION = A;
				INFOPLIST_FILE = GROCloudStore/Info.plist;
				INSTALL_PATH = "$(LOCAL_LIBRARY_DIR)/Frameworks";
				IPHONEOS_DEPLOYMENT_TARGET = 10.0;
				LD_RUNPATH_SEARCH_PATHS = "$(inherited) @executable_path/../Frameworks @loader_path/Frameworks";
				PRODUCT_BUNDLE_IDENTIFIER = org.andyshep.GROCloudStore;
				PRODUCT_NAME = "$(TARGET_NAME)";
				PROVISIONING_PROFILE_SPECIFIER = 9XH5KEL8D8/;
				SKIP_INSTALL = YES;
				SWIFT_OPTIMIZATION_LEVEL = "-Onone";
				SWIFT_SWIFT3_OBJC_INFERENCE = Default;
				SWIFT_VERSION = 4.0;
				VALID_ARCHS = "i386 x86_64 arm7 arm7s arm64";
			};
			name = Debug;
		};
		F78D92F31C934AAD009EA958 /* Release */ = {
			isa = XCBuildConfiguration;
			buildSettings = {
				CLANG_ENABLE_MODULES = YES;
				CODE_SIGN_IDENTITY = "";
				COMBINE_HIDPI_IMAGES = YES;
				DEFINES_MODULE = YES;
				DYLIB_COMPATIBILITY_VERSION = 1;
				DYLIB_CURRENT_VERSION = 1;
				DYLIB_INSTALL_NAME_BASE = "@rpath";
				FRAMEWORK_VERSION = A;
				INFOPLIST_FILE = GROCloudStore/Info.plist;
				INSTALL_PATH = "$(LOCAL_LIBRARY_DIR)/Frameworks";
				IPHONEOS_DEPLOYMENT_TARGET = 10.0;
				LD_RUNPATH_SEARCH_PATHS = "$(inherited) @executable_path/../Frameworks @loader_path/Frameworks";
				PRODUCT_BUNDLE_IDENTIFIER = org.andyshep.GROCloudStore;
				PRODUCT_NAME = "$(TARGET_NAME)";
				SKIP_INSTALL = YES;
				SWIFT_OPTIMIZATION_LEVEL = "-Owholemodule";
				SWIFT_SWIFT3_OBJC_INFERENCE = Default;
				SWIFT_VERSION = 4.0;
				VALID_ARCHS = "i386 x86_64 arm7 arm7s arm64";
			};
			name = Release;
		};
		F78D92F51C934AAD009EA958 /* Debug */ = {
			isa = XCBuildConfiguration;
			buildSettings = {
				COMBINE_HIDPI_IMAGES = YES;
				INFOPLIST_FILE = GROCloudStoreTests/Info.plist;
				LD_RUNPATH_SEARCH_PATHS = "$(inherited) @executable_path/../Frameworks @loader_path/../Frameworks";
				PRODUCT_BUNDLE_IDENTIFIER = org.andyshep.GROCloudStoreTests;
				PRODUCT_NAME = "$(TARGET_NAME)";
				SWIFT_VERSION = 4.0;
			};
			name = Debug;
		};
		F78D92F61C934AAD009EA958 /* Release */ = {
			isa = XCBuildConfiguration;
			buildSettings = {
				COMBINE_HIDPI_IMAGES = YES;
				INFOPLIST_FILE = GROCloudStoreTests/Info.plist;
				LD_RUNPATH_SEARCH_PATHS = "$(inherited) @executable_path/../Frameworks @loader_path/../Frameworks";
				PRODUCT_BUNDLE_IDENTIFIER = org.andyshep.GROCloudStoreTests;
				PRODUCT_NAME = "$(TARGET_NAME)";
				SWIFT_OPTIMIZATION_LEVEL = "-Owholemodule";
				SWIFT_VERSION = 4.0;
			};
			name = Release;
		};
/* End XCBuildConfiguration section */

/* Begin XCConfigurationList section */
		F78D92D71C934AAC009EA958 /* Build configuration list for PBXProject "GROCloudStore" */ = {
			isa = XCConfigurationList;
			buildConfigurations = (
				F78D92EF1C934AAD009EA958 /* Debug */,
				F78D92F01C934AAD009EA958 /* Release */,
			);
			defaultConfigurationIsVisible = 0;
			defaultConfigurationName = Release;
		};
		F78D92F11C934AAD009EA958 /* Build configuration list for PBXNativeTarget "GROCloudStore" */ = {
			isa = XCConfigurationList;
			buildConfigurations = (
				F78D92F21C934AAD009EA958 /* Debug */,
				F78D92F31C934AAD009EA958 /* Release */,
			);
			defaultConfigurationIsVisible = 0;
			defaultConfigurationName = Release;
		};
		F78D92F41C934AAD009EA958 /* Build configuration list for PBXNativeTarget "GROCloudStoreTests" */ = {
			isa = XCConfigurationList;
			buildConfigurations = (
				F78D92F51C934AAD009EA958 /* Debug */,
				F78D92F61C934AAD009EA958 /* Release */,
			);
			defaultConfigurationIsVisible = 0;
			defaultConfigurationName = Release;
		};
/* End XCConfigurationList section */
	};
	rootObject = F78D92D41C934AAC009EA958 /* Project object */;
}
