// !$*UTF8*$!
{
	archiveVersion = 1;
	classes = {
	};
	objectVersion = 46;
	objects = {

/* Begin PBXBuildFile section */
		F73B0B8E1CF77F2F00A47CF0 /* GROCloudStore.framework in Frameworks */ = {isa = PBXBuildFile; fileRef = F73B3E2D1CF60E8000393F1A /* GROCloudStore.framework */; };
		F73B3E301CF60E9300393F1A /* GROCloudStore.framework in Frameworks */ = {isa = PBXBuildFile; fileRef = F73B3E2D1CF60E8000393F1A /* GROCloudStore.framework */; };
		F7415D9F1CF408AC002A6275 /* TodoCloudConfiguration.swift in Sources */ = {isa = PBXBuildFile; fileRef = F7415D9E1CF408AC002A6275 /* TodoCloudConfiguration.swift */; };
		F7415DA01CF408AC002A6275 /* TodoCloudConfiguration.swift in Sources */ = {isa = PBXBuildFile; fileRef = F7415D9E1CF408AC002A6275 /* TodoCloudConfiguration.swift */; };
		F7417C6E1CF374C000FFDA3F /* AppDelegate.swift in Sources */ = {isa = PBXBuildFile; fileRef = F7417C631CF374C000FFDA3F /* AppDelegate.swift */; };
		F7417C6F1CF374C000FFDA3F /* Assets.xcassets in Resources */ = {isa = PBXBuildFile; fileRef = F7417C641CF374C000FFDA3F /* Assets.xcassets */; };
		F7417C741CF374C000FFDA3F /* ViewController.swift in Sources */ = {isa = PBXBuildFile; fileRef = F7417C6D1CF374C000FFDA3F /* ViewController.swift */; };
		F7417C7C1CF3754100FFDA3F /* AppDelegate.swift in Sources */ = {isa = PBXBuildFile; fileRef = F7417C7B1CF3754100FFDA3F /* AppDelegate.swift */; };
		F7417C7E1CF3754100FFDA3F /* ViewController.swift in Sources */ = {isa = PBXBuildFile; fileRef = F7417C7D1CF3754100FFDA3F /* ViewController.swift */; };
		F7417C801CF3754100FFDA3F /* Assets.xcassets in Resources */ = {isa = PBXBuildFile; fileRef = F7417C7F1CF3754100FFDA3F /* Assets.xcassets */; };
		F7417C831CF3754100FFDA3F /* Main.storyboard in Resources */ = {isa = PBXBuildFile; fileRef = F7417C811CF3754100FFDA3F /* Main.storyboard */; };
		F7417C9B1CF375A100FFDA3F /* LaunchScreen.storyboard in Resources */ = {isa = PBXBuildFile; fileRef = F7417C971CF375A000FFDA3F /* LaunchScreen.storyboard */; };
		F7417C9C1CF375A100FFDA3F /* Main.storyboard in Resources */ = {isa = PBXBuildFile; fileRef = F7417C991CF375A000FFDA3F /* Main.storyboard */; };
		F7417CA81CF377CA00FFDA3F /* Todos.xcdatamodeld in Sources */ = {isa = PBXBuildFile; fileRef = F7417CA61CF377CA00FFDA3F /* Todos.xcdatamodeld */; };
		F7417CA91CF377CA00FFDA3F /* Todos.xcdatamodeld in Sources */ = {isa = PBXBuildFile; fileRef = F7417CA61CF377CA00FFDA3F /* Todos.xcdatamodeld */; };
		F7417CAC1CF377EB00FFDA3F /* Todo+CoreDataProperties.swift in Sources */ = {isa = PBXBuildFile; fileRef = F7417CAA1CF377EB00FFDA3F /* Todo+CoreDataProperties.swift */; };
		F7417CAD1CF377EB00FFDA3F /* Todo+CoreDataProperties.swift in Sources */ = {isa = PBXBuildFile; fileRef = F7417CAA1CF377EB00FFDA3F /* Todo+CoreDataProperties.swift */; };
		F7417CAE1CF377EB00FFDA3F /* Todo.swift in Sources */ = {isa = PBXBuildFile; fileRef = F7417CAB1CF377EB00FFDA3F /* Todo.swift */; };
		F7417CAF1CF377EB00FFDA3F /* Todo.swift in Sources */ = {isa = PBXBuildFile; fileRef = F7417CAB1CF377EB00FFDA3F /* Todo.swift */; };
		F7417CB41CF39A1800FFDA3F /* CoreDataManager.swift in Sources */ = {isa = PBXBuildFile; fileRef = F7417CB31CF39A1800FFDA3F /* CoreDataManager.swift */; };
		F7417CB51CF39A1800FFDA3F /* CoreDataManager.swift in Sources */ = {isa = PBXBuildFile; fileRef = F7417CB31CF39A1800FFDA3F /* CoreDataManager.swift */; };
		F7417CB71CF39A4800FFDA3F /* NSURL+Directories.swift in Sources */ = {isa = PBXBuildFile; fileRef = F7417CB61CF39A4800FFDA3F /* NSURL+Directories.swift */; };
		F7417CB81CF39A4800FFDA3F /* NSURL+Directories.swift in Sources */ = {isa = PBXBuildFile; fileRef = F7417CB61CF39A4800FFDA3F /* NSURL+Directories.swift */; };
		F75E87671CF4C56100CBE3EA /* AddViewController.swift in Sources */ = {isa = PBXBuildFile; fileRef = F75E87661CF4C56100CBE3EA /* AddViewController.swift */; };
		F7E685331CF40A3E00EEFD86 /* Todos+Transformables.swift in Sources */ = {isa = PBXBuildFile; fileRef = F7E685321CF40A3E00EEFD86 /* Todos+Transformables.swift */; };
		F7E685341CF40A3E00EEFD86 /* Todos+Transformables.swift in Sources */ = {isa = PBXBuildFile; fileRef = F7E685321CF40A3E00EEFD86 /* Todos+Transformables.swift */; };
		F7F84F5F1CF7864E0096AD06 /* WindowController.swift in Sources */ = {isa = PBXBuildFile; fileRef = F7F84F5E1CF7864E0096AD06 /* WindowController.swift */; };
		F7F881A51CF62D220048484D /* CloudKit.framework in Frameworks */ = {isa = PBXBuildFile; fileRef = F7F881A41CF62D220048484D /* CloudKit.framework */; };
		F7F881A81CF62D280048484D /* CloudKit.framework in Frameworks */ = {isa = PBXBuildFile; fileRef = F7F881A41CF62D220048484D /* CloudKit.framework */; };
/* End PBXBuildFile section */

/* Begin PBXContainerItemProxy section */
		F73B3E2C1CF60E8000393F1A /* PBXContainerItemProxy */ = {
			isa = PBXContainerItemProxy;
			containerPortal = F73B3E271CF60E8000393F1A /* GROCloudStore.xcodeproj */;
			proxyType = 2;
			remoteGlobalIDString = F78D92DD1C934AAD009EA958;
			remoteInfo = GROCloudStore;
		};
		F73B3E2E1CF60E8000393F1A /* PBXContainerItemProxy */ = {
			isa = PBXContainerItemProxy;
			containerPortal = F73B3E271CF60E8000393F1A /* GROCloudStore.xcodeproj */;
			proxyType = 2;
			remoteGlobalIDString = F78D92E71C934AAD009EA958;
			remoteInfo = GROCloudStoreTests;
		};
/* End PBXContainerItemProxy section */

/* Begin PBXFileReference section */
		F73B3E271CF60E8000393F1A /* GROCloudStore.xcodeproj */ = {isa = PBXFileReference; lastKnownFileType = "wrapper.pb-project"; name = GROCloudStore.xcodeproj; path = ../GROCloudStore.xcodeproj; sourceTree = "<group>"; };
		F7415D9E1CF408AC002A6275 /* TodoCloudConfiguration.swift */ = {isa = PBXFileReference; fileEncoding = 4; lastKnownFileType = sourcecode.swift; path = TodoCloudConfiguration.swift; sourceTree = "<group>"; };
		F7417C4B1CF3748800FFDA3F /* Todos-iOS.app */ = {isa = PBXFileReference; explicitFileType = wrapper.application; includeInIndex = 0; path = "Todos-iOS.app"; sourceTree = BUILT_PRODUCTS_DIR; };
		F7417C631CF374C000FFDA3F /* AppDelegate.swift */ = {isa = PBXFileReference; fileEncoding = 4; lastKnownFileType = sourcecode.swift; name = AppDelegate.swift; path = "Todos-iOS/AppDelegate.swift"; sourceTree = SOURCE_ROOT; };
		F7417C641CF374C000FFDA3F /* Assets.xcassets */ = {isa = PBXFileReference; lastKnownFileType = folder.assetcatalog; name = Assets.xcassets; path = "Todos-iOS/Assets.xcassets"; sourceTree = SOURCE_ROOT; };
		F7417C6A1CF374C000FFDA3F /* Info.plist */ = {isa = PBXFileReference; fileEncoding = 4; lastKnownFileType = text.plist.xml; name = Info.plist; path = "Todos-iOS/Info.plist"; sourceTree = SOURCE_ROOT; };
		F7417C6D1CF374C000FFDA3F /* ViewController.swift */ = {isa = PBXFileReference; fileEncoding = 4; lastKnownFileType = sourcecode.swift; name = ViewController.swift; path = "Todos-iOS/ViewController.swift"; sourceTree = SOURCE_ROOT; };
		F7417C791CF3754100FFDA3F /* Todos-OSX.app */ = {isa = PBXFileReference; explicitFileType = wrapper.application; includeInIndex = 0; path = "Todos-OSX.app"; sourceTree = BUILT_PRODUCTS_DIR; };
		F7417C7B1CF3754100FFDA3F /* AppDelegate.swift */ = {isa = PBXFileReference; lastKnownFileType = sourcecode.swift; path = AppDelegate.swift; sourceTree = "<group>"; };
		F7417C7D1CF3754100FFDA3F /* ViewController.swift */ = {isa = PBXFileReference; lastKnownFileType = sourcecode.swift; path = ViewController.swift; sourceTree = "<group>"; };
		F7417C7F1CF3754100FFDA3F /* Assets.xcassets */ = {isa = PBXFileReference; lastKnownFileType = folder.assetcatalog; path = Assets.xcassets; sourceTree = "<group>"; };
		F7417C821CF3754100FFDA3F /* Base */ = {isa = PBXFileReference; lastKnownFileType = file.storyboard; name = Base; path = Base.lproj/Main.storyboard; sourceTree = "<group>"; };
		F7417C841CF3754100FFDA3F /* Info.plist */ = {isa = PBXFileReference; lastKnownFileType = text.plist.xml; path = Info.plist; sourceTree = "<group>"; };
		F7417C981CF375A000FFDA3F /* Base */ = {isa = PBXFileReference; lastKnownFileType = file.storyboard; name = Base; path = "Todos-iOS/Base.lproj/LaunchScreen.storyboard"; sourceTree = SOURCE_ROOT; };
		F7417C9A1CF375A000FFDA3F /* Base */ = {isa = PBXFileReference; lastKnownFileType = file.storyboard; name = Base; path = "Todos-iOS/Base.lproj/Main.storyboard"; sourceTree = SOURCE_ROOT; };
		F7417C9D1CF376CB00FFDA3F /* Todos-iOS.entitlements */ = {isa = PBXFileReference; lastKnownFileType = text.xml; name = "Todos-iOS.entitlements"; path = "Todos-iOS/Todos-iOS.entitlements"; sourceTree = SOURCE_ROOT; };
		F7417CA01CF3770A00FFDA3F /* Todos-OSX.entitlements */ = {isa = PBXFileReference; lastKnownFileType = text.xml; path = "Todos-OSX.entitlements"; sourceTree = "<group>"; };
		F7417CA71CF377CA00FFDA3F /* Todos.xcdatamodel */ = {isa = PBXFileReference; lastKnownFileType = wrapper.xcdatamodel; path = Todos.xcdatamodel; sourceTree = "<group>"; };
		F7417CAA1CF377EB00FFDA3F /* Todo+CoreDataProperties.swift */ = {isa = PBXFileReference; fileEncoding = 4; lastKnownFileType = sourcecode.swift; path = "Todo+CoreDataProperties.swift"; sourceTree = "<group>"; };
		F7417CAB1CF377EB00FFDA3F /* Todo.swift */ = {isa = PBXFileReference; fileEncoding = 4; lastKnownFileType = sourcecode.swift; path = Todo.swift; sourceTree = "<group>"; };
		F7417CB31CF39A1800FFDA3F /* CoreDataManager.swift */ = {isa = PBXFileReference; fileEncoding = 4; lastKnownFileType = sourcecode.swift; path = CoreDataManager.swift; sourceTree = "<group>"; };
		F7417CB61CF39A4800FFDA3F /* NSURL+Directories.swift */ = {isa = PBXFileReference; fileEncoding = 4; lastKnownFileType = sourcecode.swift; path = "NSURL+Directories.swift"; sourceTree = "<group>"; };
		F75E87661CF4C56100CBE3EA /* AddViewController.swift */ = {isa = PBXFileReference; fileEncoding = 4; lastKnownFileType = sourcecode.swift; name = AddViewController.swift; path = Shared/AddViewController.swift; sourceTree = SOURCE_ROOT; };
		F7E685321CF40A3E00EEFD86 /* Todos+Transformables.swift */ = {isa = PBXFileReference; fileEncoding = 4; lastKnownFileType = sourcecode.swift; path = "Todos+Transformables.swift"; sourceTree = "<group>"; };
		F7F84F5E1CF7864E0096AD06 /* WindowController.swift */ = {isa = PBXFileReference; fileEncoding = 4; lastKnownFileType = sourcecode.swift; path = WindowController.swift; sourceTree = "<group>"; };
		F7F881A41CF62D220048484D /* CloudKit.framework */ = {isa = PBXFileReference; lastKnownFileType = wrapper.framework; name = CloudKit.framework; path = System/Library/Frameworks/CloudKit.framework; sourceTree = SDKROOT; };
/* End PBXFileReference section */

/* Begin PBXFrameworksBuildPhase section */
		F7417C481CF3748800FFDA3F /* Frameworks */ = {
			isa = PBXFrameworksBuildPhase;
			buildActionMask = 2147483647;
			files = (
				F73B3E301CF60E9300393F1A /* GROCloudStore.framework in Frameworks */,
				F7F881A51CF62D220048484D /* CloudKit.framework in Frameworks */,
			);
			runOnlyForDeploymentPostprocessing = 0;
		};
		F7417C761CF3754100FFDA3F /* Frameworks */ = {
			isa = PBXFrameworksBuildPhase;
			buildActionMask = 2147483647;
			files = (
				F73B0B8E1CF77F2F00A47CF0 /* GROCloudStore.framework in Frameworks */,
				F7F881A81CF62D280048484D /* CloudKit.framework in Frameworks */,
			);
			runOnlyForDeploymentPostprocessing = 0;
		};
/* End PBXFrameworksBuildPhase section */

/* Begin PBXGroup section */
		F73B3E281CF60E8000393F1A /* Products */ = {
			isa = PBXGroup;
			children = (
				F73B3E2D1CF60E8000393F1A /* GROCloudStore.framework */,
				F73B3E2F1CF60E8000393F1A /* GROCloudStoreTests.xctest */,
			);
			name = Products;
			sourceTree = "<group>";
		};
		F7417C421CF3748800FFDA3F = {
			isa = PBXGroup;
			children = (
				F73B3E271CF60E8000393F1A /* GROCloudStore.xcodeproj */,
				F7417C4D1CF3748800FFDA3F /* Todos-iOS */,
				F7417C7A1CF3754100FFDA3F /* Todos-OSX */,
				F7417CA51CF377A300FFDA3F /* Shared */,
				F7417C4C1CF3748800FFDA3F /* Products */,
			);
			sourceTree = "<group>";
		};
		F7417C4C1CF3748800FFDA3F /* Products */ = {
			isa = PBXGroup;
			children = (
				F7417C4B1CF3748800FFDA3F /* Todos-iOS.app */,
				F7417C791CF3754100FFDA3F /* Todos-OSX.app */,
			);
			name = Products;
			sourceTree = "<group>";
		};
		F7417C4D1CF3748800FFDA3F /* Todos-iOS */ = {
			isa = PBXGroup;
			children = (
				F7417C631CF374C000FFDA3F /* AppDelegate.swift */,
				F7417C6D1CF374C000FFDA3F /* ViewController.swift */,
				F75E87661CF4C56100CBE3EA /* AddViewController.swift */,
				F7417C641CF374C000FFDA3F /* Assets.xcassets */,
				F7417C6A1CF374C000FFDA3F /* Info.plist */,
				F7417C971CF375A000FFDA3F /* LaunchScreen.storyboard */,
				F7417C991CF375A000FFDA3F /* Main.storyboard */,
				F7417C9D1CF376CB00FFDA3F /* Todos-iOS.entitlements */,
			);
			name = "Todos-iOS";
			path = Todos;
			sourceTree = "<group>";
		};
		F7417C7A1CF3754100FFDA3F /* Todos-OSX */ = {
			isa = PBXGroup;
			children = (
				F7417CA01CF3770A00FFDA3F /* Todos-OSX.entitlements */,
				F7417C7B1CF3754100FFDA3F /* AppDelegate.swift */,
				F7F84F5E1CF7864E0096AD06 /* WindowController.swift */,
				F7417C7D1CF3754100FFDA3F /* ViewController.swift */,
				F7417C7F1CF3754100FFDA3F /* Assets.xcassets */,
				F7417C811CF3754100FFDA3F /* Main.storyboard */,
				F7417C841CF3754100FFDA3F /* Info.plist */,
			);
			path = "Todos-OSX";
			sourceTree = "<group>";
		};
		F7417CA51CF377A300FFDA3F /* Shared */ = {
			isa = PBXGroup;
			children = (
				F7F881A41CF62D220048484D /* CloudKit.framework */,
				F7417CA61CF377CA00FFDA3F /* Todos.xcdatamodeld */,
				F7417CAA1CF377EB00FFDA3F /* Todo+CoreDataProperties.swift */,
				F7417CAB1CF377EB00FFDA3F /* Todo.swift */,
				F7417CB31CF39A1800FFDA3F /* CoreDataManager.swift */,
				F7417CB61CF39A4800FFDA3F /* NSURL+Directories.swift */,
				F7415D9E1CF408AC002A6275 /* TodoCloudConfiguration.swift */,
				F7E685321CF40A3E00EEFD86 /* Todos+Transformables.swift */,
			);
			path = Shared;
			sourceTree = "<group>";
		};
/* End PBXGroup section */

/* Begin PBXNativeTarget section */
		F7417C4A1CF3748800FFDA3F /* Todos-iOS */ = {
			isa = PBXNativeTarget;
			buildConfigurationList = F7417C601CF3748800FFDA3F /* Build configuration list for PBXNativeTarget "Todos-iOS" */;
			buildPhases = (
				F7417C471CF3748800FFDA3F /* Sources */,
				F7417C481CF3748800FFDA3F /* Frameworks */,
				F7417C491CF3748800FFDA3F /* Resources */,
			);
			buildRules = (
			);
			dependencies = (
			);
			name = "Todos-iOS";
			productName = Todos;
			productReference = F7417C4B1CF3748800FFDA3F /* Todos-iOS.app */;
			productType = "com.apple.product-type.application";
		};
		F7417C781CF3754100FFDA3F /* Todos-OSX */ = {
			isa = PBXNativeTarget;
			buildConfigurationList = F7417C851CF3754100FFDA3F /* Build configuration list for PBXNativeTarget "Todos-OSX" */;
			buildPhases = (
				F7417C751CF3754100FFDA3F /* Sources */,
				F7417C761CF3754100FFDA3F /* Frameworks */,
				F7417C771CF3754100FFDA3F /* Resources */,
			);
			buildRules = (
			);
			dependencies = (
			);
			name = "Todos-OSX";
			productName = "Todos-OSX";
			productReference = F7417C791CF3754100FFDA3F /* Todos-OSX.app */;
			productType = "com.apple.product-type.application";
		};
/* End PBXNativeTarget section */

/* Begin PBXProject section */
		F7417C431CF3748800FFDA3F /* Project object */ = {
			isa = PBXProject;
			attributes = {
				LastSwiftUpdateCheck = 0730;
				LastUpgradeCheck = 0730;
				ORGANIZATIONNAME = "Andrew Shepard";
				TargetAttributes = {
					F7417C4A1CF3748800FFDA3F = {
						CreatedOnToolsVersion = 7.3.1;
						DevelopmentTeam = 9XH5KEL8D8;
						SystemCapabilities = {
							com.apple.iCloud = {
								enabled = 1;
							};
						};
					};
					F7417C781CF3754100FFDA3F = {
						CreatedOnToolsVersion = 7.3.1;
						DevelopmentTeam = 9XH5KEL8D8;
						SystemCapabilities = {
							com.apple.iCloud = {
								enabled = 1;
							};
						};
					};
				};
			};
			buildConfigurationList = F7417C461CF3748800FFDA3F /* Build configuration list for PBXProject "Todos" */;
			compatibilityVersion = "Xcode 3.2";
			developmentRegion = English;
			hasScannedForEncodings = 0;
			knownRegions = (
				en,
				Base,
			);
			mainGroup = F7417C421CF3748800FFDA3F;
			productRefGroup = F7417C4C1CF3748800FFDA3F /* Products */;
			projectDirPath = "";
			projectReferences = (
				{
					ProductGroup = F73B3E281CF60E8000393F1A /* Products */;
					ProjectRef = F73B3E271CF60E8000393F1A /* GROCloudStore.xcodeproj */;
				},
			);
			projectRoot = "";
			targets = (
				F7417C4A1CF3748800FFDA3F /* Todos-iOS */,
				F7417C781CF3754100FFDA3F /* Todos-OSX */,
			);
		};
/* End PBXProject section */

/* Begin PBXReferenceProxy section */
		F73B3E2D1CF60E8000393F1A /* GROCloudStore.framework */ = {
			isa = PBXReferenceProxy;
			fileType = wrapper.framework;
			path = GROCloudStore.framework;
			remoteRef = F73B3E2C1CF60E8000393F1A /* PBXContainerItemProxy */;
			sourceTree = BUILT_PRODUCTS_DIR;
		};
		F73B3E2F1CF60E8000393F1A /* GROCloudStoreTests.xctest */ = {
			isa = PBXReferenceProxy;
			fileType = wrapper.cfbundle;
			path = GROCloudStoreTests.xctest;
			remoteRef = F73B3E2E1CF60E8000393F1A /* PBXContainerItemProxy */;
			sourceTree = BUILT_PRODUCTS_DIR;
		};
/* End PBXReferenceProxy section */

/* Begin PBXResourcesBuildPhase section */
		F7417C491CF3748800FFDA3F /* Resources */ = {
			isa = PBXResourcesBuildPhase;
			buildActionMask = 2147483647;
			files = (
				F7417C9C1CF375A100FFDA3F /* Main.storyboard in Resources */,
				F7417C6F1CF374C000FFDA3F /* Assets.xcassets in Resources */,
				F7417C9B1CF375A100FFDA3F /* LaunchScreen.storyboard in Resources */,
			);
			runOnlyForDeploymentPostprocessing = 0;
		};
		F7417C771CF3754100FFDA3F /* Resources */ = {
			isa = PBXResourcesBuildPhase;
			buildActionMask = 2147483647;
			files = (
				F7417C801CF3754100FFDA3F /* Assets.xcassets in Resources */,
				F7417C831CF3754100FFDA3F /* Main.storyboard in Resources */,
			);
			runOnlyForDeploymentPostprocessing = 0;
		};
/* End PBXResourcesBuildPhase section */

/* Begin PBXSourcesBuildPhase section */
		F7417C471CF3748800FFDA3F /* Sources */ = {
			isa = PBXSourcesBuildPhase;
			buildActionMask = 2147483647;
			files = (
				F75E87671CF4C56100CBE3EA /* AddViewController.swift in Sources */,
				F7417CB41CF39A1800FFDA3F /* CoreDataManager.swift in Sources */,
				F7417C741CF374C000FFDA3F /* ViewController.swift in Sources */,
				F7417CAC1CF377EB00FFDA3F /* Todo+CoreDataProperties.swift in Sources */,
				F7417CA81CF377CA00FFDA3F /* Todos.xcdatamodeld in Sources */,
				F7415D9F1CF408AC002A6275 /* TodoCloudConfiguration.swift in Sources */,
				F7417CB71CF39A4800FFDA3F /* NSURL+Directories.swift in Sources */,
				F7417C6E1CF374C000FFDA3F /* AppDelegate.swift in Sources */,
				F7E685331CF40A3E00EEFD86 /* Todos+Transformables.swift in Sources */,
				F7417CAE1CF377EB00FFDA3F /* Todo.swift in Sources */,
			);
			runOnlyForDeploymentPostprocessing = 0;
		};
		F7417C751CF3754100FFDA3F /* Sources */ = {
			isa = PBXSourcesBuildPhase;
			buildActionMask = 2147483647;
			files = (
				F7417CB51CF39A1800FFDA3F /* CoreDataManager.swift in Sources */,
				F7F84F5F1CF7864E0096AD06 /* WindowController.swift in Sources */,
				F7417C7E1CF3754100FFDA3F /* ViewController.swift in Sources */,
				F7417CAD1CF377EB00FFDA3F /* Todo+CoreDataProperties.swift in Sources */,
				F7417CA91CF377CA00FFDA3F /* Todos.xcdatamodeld in Sources */,
				F7415DA01CF408AC002A6275 /* TodoCloudConfiguration.swift in Sources */,
				F7417CB81CF39A4800FFDA3F /* NSURL+Directories.swift in Sources */,
				F7417C7C1CF3754100FFDA3F /* AppDelegate.swift in Sources */,
				F7E685341CF40A3E00EEFD86 /* Todos+Transformables.swift in Sources */,
				F7417CAF1CF377EB00FFDA3F /* Todo.swift in Sources */,
			);
			runOnlyForDeploymentPostprocessing = 0;
		};
/* End PBXSourcesBuildPhase section */

/* Begin PBXVariantGroup section */
		F7417C811CF3754100FFDA3F /* Main.storyboard */ = {
			isa = PBXVariantGroup;
			children = (
				F7417C821CF3754100FFDA3F /* Base */,
			);
			name = Main.storyboard;
			sourceTree = "<group>";
		};
		F7417C971CF375A000FFDA3F /* LaunchScreen.storyboard */ = {
			isa = PBXVariantGroup;
			children = (
				F7417C981CF375A000FFDA3F /* Base */,
			);
			name = LaunchScreen.storyboard;
			sourceTree = "<group>";
		};
		F7417C991CF375A000FFDA3F /* Main.storyboard */ = {
			isa = PBXVariantGroup;
			children = (
				F7417C9A1CF375A000FFDA3F /* Base */,
			);
			name = Main.storyboard;
			sourceTree = "<group>";
		};
/* End PBXVariantGroup section */

/* Begin XCBuildConfiguration section */
		F7417C5E1CF3748800FFDA3F /* Debug */ = {
			isa = XCBuildConfiguration;
			buildSettings = {
				ALWAYS_SEARCH_USER_PATHS = NO;
				CLANG_ANALYZER_NONNULL = YES;
				CLANG_CXX_LANGUAGE_STANDARD = "gnu++0x";
				CLANG_CXX_LIBRARY = "libc++";
				CLANG_ENABLE_MODULES = YES;
				CLANG_ENABLE_OBJC_ARC = YES;
				CLANG_WARN_BOOL_CONVERSION = YES;
				CLANG_WARN_CONSTANT_CONVERSION = YES;
				CLANG_WARN_DIRECT_OBJC_ISA_USAGE = YES_ERROR;
				CLANG_WARN_EMPTY_BODY = YES;
				CLANG_WARN_ENUM_CONVERSION = YES;
				CLANG_WARN_INT_CONVERSION = YES;
				CLANG_WARN_OBJC_ROOT_CLASS = YES_ERROR;
				CLANG_WARN_UNREACHABLE_CODE = YES;
				CLANG_WARN__DUPLICATE_METHOD_MATCH = YES;
				"CODE_SIGN_IDENTITY[sdk=iphoneos*]" = "iPhone Developer";
				COPY_PHASE_STRIP = NO;
				DEBUG_INFORMATION_FORMAT = dwarf;
				ENABLE_STRICT_OBJC_MSGSEND = YES;
				ENABLE_TESTABILITY = YES;
				GCC_C_LANGUAGE_STANDARD = gnu99;
				GCC_DYNAMIC_NO_PIC = NO;
				GCC_NO_COMMON_BLOCKS = YES;
				GCC_OPTIMIZATION_LEVEL = 0;
				GCC_PREPROCESSOR_DEFINITIONS = (
					"DEBUG=1",
					"$(inherited)",
				);
				GCC_WARN_64_TO_32_BIT_CONVERSION = YES;
				GCC_WARN_ABOUT_RETURN_TYPE = YES_ERROR;
				GCC_WARN_UNDECLARED_SELECTOR = YES;
				GCC_WARN_UNINITIALIZED_AUTOS = YES_AGGRESSIVE;
				GCC_WARN_UNUSED_FUNCTION = YES;
				GCC_WARN_UNUSED_VARIABLE = YES;
				IPHONEOS_DEPLOYMENT_TARGET = 9.3;
				MTL_ENABLE_DEBUG_INFO = YES;
				ONLY_ACTIVE_ARCH = YES;
				SDKROOT = iphoneos;
				SWIFT_OPTIMIZATION_LEVEL = "-Onone";
				TARGETED_DEVICE_FAMILY = "1,2";
			};
			name = Debug;
		};
		F7417C5F1CF3748800FFDA3F /* Release */ = {
			isa = XCBuildConfiguration;
			buildSettings = {
				ALWAYS_SEARCH_USER_PATHS = NO;
				CLANG_ANALYZER_NONNULL = YES;
				CLANG_CXX_LANGUAGE_STANDARD = "gnu++0x";
				CLANG_CXX_LIBRARY = "libc++";
				CLANG_ENABLE_MODULES = YES;
				CLANG_ENABLE_OBJC_ARC = YES;
				CLANG_WARN_BOOL_CONVERSION = YES;
				CLANG_WARN_CONSTANT_CONVERSION = YES;
				CLANG_WARN_DIRECT_OBJC_ISA_USAGE = YES_ERROR;
				CLANG_WARN_EMPTY_BODY = YES;
				CLANG_WARN_ENUM_CONVERSION = YES;
				CLANG_WARN_INT_CONVERSION = YES;
				CLANG_WARN_OBJC_ROOT_CLASS = YES_ERROR;
				CLANG_WARN_UNREACHABLE_CODE = YES;
				CLANG_WARN__DUPLICATE_METHOD_MATCH = YES;
				"CODE_SIGN_IDENTITY[sdk=iphoneos*]" = "iPhone Developer";
				COPY_PHASE_STRIP = NO;
				DEBUG_INFORMATION_FORMAT = "dwarf-with-dsym";
				ENABLE_NS_ASSERTIONS = NO;
				ENABLE_STRICT_OBJC_MSGSEND = YES;
				GCC_C_LANGUAGE_STANDARD = gnu99;
				GCC_NO_COMMON_BLOCKS = YES;
				GCC_WARN_64_TO_32_BIT_CONVERSION = YES;
				GCC_WARN_ABOUT_RETURN_TYPE = YES_ERROR;
				GCC_WARN_UNDECLARED_SELECTOR = YES;
				GCC_WARN_UNINITIALIZED_AUTOS = YES_AGGRESSIVE;
				GCC_WARN_UNUSED_FUNCTION = YES;
				GCC_WARN_UNUSED_VARIABLE = YES;
				IPHONEOS_DEPLOYMENT_TARGET = 9.3;
				MTL_ENABLE_DEBUG_INFO = NO;
				SDKROOT = iphoneos;
				TARGETED_DEVICE_FAMILY = "1,2";
				VALIDATE_PRODUCT = YES;
			};
			name = Release;
		};
		F7417C611CF3748800FFDA3F /* Debug */ = {
			isa = XCBuildConfiguration;
			buildSettings = {
				ASSETCATALOG_COMPILER_APPICON_NAME = AppIcon;
				CLANG_ENABLE_MODULES = YES;
				CODE_SIGN_ENTITLEMENTS = "Todos-iOS/Todos-iOS.entitlements";
				INFOPLIST_FILE = "$(SRCROOT)/Todos-iOS/Info.plist";
				LD_RUNPATH_SEARCH_PATHS = "$(inherited) @executable_path/Frameworks";
				PRODUCT_BUNDLE_IDENTIFIER = "org.andyshep.Todos-iOS";
				PRODUCT_NAME = "$(TARGET_NAME)";
				SWIFT_OPTIMIZATION_LEVEL = "-Onone";
			};
			name = Debug;
		};
		F7417C621CF3748800FFDA3F /* Release */ = {
			isa = XCBuildConfiguration;
			buildSettings = {
				ASSETCATALOG_COMPILER_APPICON_NAME = AppIcon;
				CLANG_ENABLE_MODULES = YES;
				CODE_SIGN_ENTITLEMENTS = "Todos-iOS/Todos-iOS.entitlements";
				INFOPLIST_FILE = "$(SRCROOT)/Todos-iOS/Info.plist";
				LD_RUNPATH_SEARCH_PATHS = "$(inherited) @executable_path/Frameworks";
				PRODUCT_BUNDLE_IDENTIFIER = "org.andyshep.Todos-iOS";
				PRODUCT_NAME = "$(TARGET_NAME)";
			};
			name = Release;
		};
		F7417C861CF3754100FFDA3F /* Debug */ = {
			isa = XCBuildConfiguration;
			buildSettings = {
				ASSETCATALOG_COMPILER_APPICON_NAME = AppIcon;
				CODE_SIGN_ENTITLEMENTS = "Todos-OSX/Todos-OSX.entitlements";
				CODE_SIGN_IDENTITY = "Mac Developer";
				"CODE_SIGN_IDENTITY[sdk=macosx*]" = "Mac Developer";
				COMBINE_HIDPI_IMAGES = YES;
				INFOPLIST_FILE = "Todos-OSX/Info.plist";
				LD_RUNPATH_SEARCH_PATHS = "$(inherited) @executable_path/../Frameworks";
				MACOSX_DEPLOYMENT_TARGET = 10.11;
				PRODUCT_BUNDLE_IDENTIFIER = "org.andyshep.Todos-OSX";
				PRODUCT_NAME = "$(TARGET_NAME)";
				PROVISIONING_PROFILE = "";
				SDKROOT = macosx;
			};
			name = Debug;
		};
		F7417C871CF3754100FFDA3F /* Release */ = {
			isa = XCBuildConfiguration;
			buildSettings = {
				ASSETCATALOG_COMPILER_APPICON_NAME = AppIcon;
				CODE_SIGN_ENTITLEMENTS = "Todos-OSX/Todos-OSX.entitlements";
				CODE_SIGN_IDENTITY = "Mac Developer";
				"CODE_SIGN_IDENTITY[sdk=macosx*]" = "Mac Developer";
				COMBINE_HIDPI_IMAGES = YES;
				INFOPLIST_FILE = "Todos-OSX/Info.plist";
				LD_RUNPATH_SEARCH_PATHS = "$(inherited) @executable_path/../Frameworks";
				MACOSX_DEPLOYMENT_TARGET = 10.11;
				PRODUCT_BUNDLE_IDENTIFIER = "org.andyshep.Todos-OSX";
				PRODUCT_NAME = "$(TARGET_NAME)";
				PROVISIONING_PROFILE = "";
				SDKROOT = macosx;
			};
			name = Release;
		};
/* End XCBuildConfiguration section */

/* Begin XCConfigurationList section */
		F7417C461CF3748800FFDA3F /* Build configuration list for PBXProject "Todos" */ = {
			isa = XCConfigurationList;
			buildConfigurations = (
				F7417C5E1CF3748800FFDA3F /* Debug */,
				F7417C5F1CF3748800FFDA3F /* Release */,
			);
			defaultConfigurationIsVisible = 0;
			defaultConfigurationName = Release;
		};
		F7417C601CF3748800FFDA3F /* Build configuration list for PBXNativeTarget "Todos-iOS" */ = {
			isa = XCConfigurationList;
			buildConfigurations = (
				F7417C611CF3748800FFDA3F /* Debug */,
				F7417C621CF3748800FFDA3F /* Release */,
			);
			defaultConfigurationIsVisible = 0;
			defaultConfigurationName = Release;
		};
		F7417C851CF3754100FFDA3F /* Build configuration list for PBXNativeTarget "Todos-OSX" */ = {
			isa = XCConfigurationList;
			buildConfigurations = (
				F7417C861CF3754100FFDA3F /* Debug */,
				F7417C871CF3754100FFDA3F /* Release */,
			);
			defaultConfigurationIsVisible = 0;
			defaultConfigurationName = Release;
		};
/* End XCConfigurationList section */

/* Begin XCVersionGroup section */
		F7417CA61CF377CA00FFDA3F /* Todos.xcdatamodeld */ = {
			isa = XCVersionGroup;
			children = (
				F7417CA71CF377CA00FFDA3F /* Todos.xcdatamodel */,
			);
			currentVersion = F7417CA71CF377CA00FFDA3F /* Todos.xcdatamodel */;
			path = Todos.xcdatamodeld;
			sourceTree = "<group>";
			versionGroupType = wrapper.xcdatamodel;
		};
/* End XCVersionGroup section */
	};
	rootObject = F7417C431CF3748800FFDA3F /* Project object */;
}
